
Microsoft Visual Studio Solution File, Format Version 12.00
# Visual Studio Version 17
VisualStudioVersion = 17.9.34701.34
MinimumVisualStudioVersion = 10.0.40219.1
Project("{FAE04EC0-301F-11D3-BF4B-00C04F79EFBC}") = "DadJokeWebClient", "DadJokeWebClient\DadJokeWebClient.csproj", "{EFA93D43-1009-45B7-B12B-633BF2EE2C6A}"
EndProject
Global
	GlobalSection(SolutionConfigurationPlatforms) = preSolution
		Debug|Any CPU = Debug|Any CPU
		Release|Any CPU = Release|Any CPU
	EndGlobalSection
	GlobalSection(ProjectConfigurationPlatforms) = postSolution
		{EFA93D43-1009-45B7-B12B-633BF2EE2C6A}.Debug|Any CPU.ActiveCfg = Debug|Any CPU
		{EFA93D43-1009-45B7-B12B-633BF2EE2C6A}.Debug|Any CPU.Build.0 = Debug|Any CPU
		{EFA93D43-1009-45B7-B12B-633BF2EE2C6A}.Release|Any CPU.ActiveCfg = Release|Any CPU
		{EFA93D43-1009-45B7-B12B-633BF2EE2C6A}.Release|Any CPU.Build.0 = Release|Any CPU
	EndGlobalSection
	GlobalSection(SolutionProperties) = preSolution
		HideSolutionNode = FALSE
	EndGlobalSection
	GlobalSection(ExtensibilityGlobals) = postSolution
		SolutionGuid = {504E4808-0E7C-401A-AD3B-DA710E0A96B5}
	EndGlobalSection
EndGlobal
